
Microsoft Visual Studio Solution File, Format Version 11.00
# Visual Studio 2010
Project("{D2ABAB84-BF74-430A-B69E-9DC6D40DDA17}") = "Cubo_Northwind", "Cubo_Northwind\Cubo_Northwind.dwproj", "{3F3B6938-B1D8-42D3-8B32-450557B8EDF0}"
EndProject
Global
	GlobalSection(SolutionConfigurationPlatforms) = preSolution
		Development|Default = Development|Default
	EndGlobalSection
	GlobalSection(ProjectConfigurationPlatforms) = postSolution
		{3F3B6938-B1D8-42D3-8B32-450557B8EDF0}.Development|Default.ActiveCfg = Development
		{3F3B6938-B1D8-42D3-8B32-450557B8EDF0}.Development|Default.Build.0 = Development
		{3F3B6938-B1D8-42D3-8B32-450557B8EDF0}.Development|Default.Deploy.0 = Development
	EndGlobalSection
	GlobalSection(SolutionProperties) = preSolution
		HideSolutionNode = FALSE
	EndGlobalSection
EndGlobal
