
Microsoft Visual Studio Solution File, Format Version 11.00
# Visual Studio 2010
Project("{159641D6-6404-4A2A-AE62-294DE0FE8301}") = "1ra_PREGUNTA", "1ra_PREGUNTA\1ra_PREGUNTA.dtproj", "{FD42A350-C5B9-4FCA-A19D-E05329AB423C}"
EndProject
Global
	GlobalSection(SolutionConfigurationPlatforms) = preSolution
		Development|Default = Development|Default
	EndGlobalSection
	GlobalSection(ProjectConfigurationPlatforms) = postSolution
		{FD42A350-C5B9-4FCA-A19D-E05329AB423C}.Development|Default.ActiveCfg = Development
		{FD42A350-C5B9-4FCA-A19D-E05329AB423C}.Development|Default.Build.0 = Development
	EndGlobalSection
	GlobalSection(SolutionProperties) = preSolution
		HideSolutionNode = FALSE
	EndGlobalSection
EndGlobal
